
Microsoft Visual Studio Solution File, Format Version 12.00
# Visual Studio Version 17
VisualStudioVersion = 17.3.32811.315
MinimumVisualStudioVersion = 10.0.40219.1
Project("{FAE04EC0-301F-11D3-BF4B-00C04F79EFBC}") = "DemoNeEkersen.Data", "DemoNeEkersen.Data\DemoNeEkersen.Data.csproj", "{3E20B9BE-DD43-47E9-8F88-6C6CFEB8ECB4}"
EndProject
Project("{FAE04EC0-301F-11D3-BF4B-00C04F79EFBC}") = "DemoNeEkersen.API", "DemoNeEkersen.API\DemoNeEkersen.API.csproj", "{C0E2D950-7888-4187-A847-3267B73C31BC}"
EndProject
Global
	GlobalSection(SolutionConfigurationPlatforms) = preSolution
		Debug|Any CPU = Debug|Any CPU
		Release|Any CPU = Release|Any CPU
	EndGlobalSection
	GlobalSection(ProjectConfigurationPlatforms) = postSolution
		{3E20B9BE-DD43-47E9-8F88-6C6CFEB8ECB4}.Debug|Any CPU.ActiveCfg = Debug|Any CPU
		{3E20B9BE-DD43-47E9-8F88-6C6CFEB8ECB4}.Debug|Any CPU.Build.0 = Debug|Any CPU
		{3E20B9BE-DD43-47E9-8F88-6C6CFEB8ECB4}.Release|Any CPU.ActiveCfg = Release|Any CPU
		{3E20B9BE-DD43-47E9-8F88-6C6CFEB8ECB4}.Release|Any CPU.Build.0 = Release|Any CPU
		{C0E2D950-7888-4187-A847-3267B73C31BC}.Debug|Any CPU.ActiveCfg = Debug|Any CPU
		{C0E2D950-7888-4187-A847-3267B73C31BC}.Debug|Any CPU.Build.0 = Debug|Any CPU
		{C0E2D950-7888-4187-A847-3267B73C31BC}.Release|Any CPU.ActiveCfg = Release|Any CPU
		{C0E2D950-7888-4187-A847-3267B73C31BC}.Release|Any CPU.Build.0 = Release|Any CPU
	EndGlobalSection
	GlobalSection(SolutionProperties) = preSolution
		HideSolutionNode = FALSE
	EndGlobalSection
	GlobalSection(ExtensibilityGlobals) = postSolution
		SolutionGuid = {081AA55D-FCDD-4401-9F1C-BBE8203EAE59}
	EndGlobalSection
EndGlobal
